
Microsoft Visual Studio Solution File, Format Version 12.00
# Visual Studio 15
VisualStudioVersion = 15.0.26730.16
MinimumVisualStudioVersion = 10.0.40219.1
Project("{FAE04EC0-301F-11D3-BF4B-00C04F79EFBC}") = "WpfToast", "WpfToast\WpfToast.csproj", "{612D2C03-E833-4C33-BFCC-9D6BCB57533A}"
EndProject
Project("{FAE04EC0-301F-11D3-BF4B-00C04F79EFBC}") = "UWPToast", "UWPToast\UWPToast.csproj", "{EA40E43D-B778-4CA7-8A92-7664445FED9C}"
EndProject
Project("{FAE04EC0-301F-11D3-BF4B-00C04F79EFBC}") = "UWPToast3", "UWPToast3\UWPToast3.csproj", "{2A21A660-E842-44CF-A003-190E3F634D55}"
EndProject
Project("{FAE04EC0-301F-11D3-BF4B-00C04F79EFBC}") = "PowerShill", "PowerShill\PowerShill.csproj", "{90FE13E9-040B-470E-92F7-EB66ADA31A82}"
EndProject
Project("{FAE04EC0-301F-11D3-BF4B-00C04F79EFBC}") = "FSWatcher", "FSWatcher\FSWatcher.csproj", "{34595274-71A8-43E3-9C06-0304F81C9391}"
EndProject
Global
	GlobalSection(SolutionConfigurationPlatforms) = preSolution
		Debug|Any CPU = Debug|Any CPU
		Debug|ARM = Debug|ARM
		Debug|x64 = Debug|x64
		Debug|x86 = Debug|x86
		Release|Any CPU = Release|Any CPU
		Release|ARM = Release|ARM
		Release|x64 = Release|x64
		Release|x86 = Release|x86
	EndGlobalSection
	GlobalSection(ProjectConfigurationPlatforms) = postSolution
		{612D2C03-E833-4C33-BFCC-9D6BCB57533A}.Debug|Any CPU.ActiveCfg = Debug|Any CPU
		{612D2C03-E833-4C33-BFCC-9D6BCB57533A}.Debug|Any CPU.Build.0 = Debug|Any CPU
		{612D2C03-E833-4C33-BFCC-9D6BCB57533A}.Debug|ARM.ActiveCfg = Debug|Any CPU
		{612D2C03-E833-4C33-BFCC-9D6BCB57533A}.Debug|ARM.Build.0 = Debug|Any CPU
		{612D2C03-E833-4C33-BFCC-9D6BCB57533A}.Debug|x64.ActiveCfg = Debug|Any CPU
		{612D2C03-E833-4C33-BFCC-9D6BCB57533A}.Debug|x64.Build.0 = Debug|Any CPU
		{612D2C03-E833-4C33-BFCC-9D6BCB57533A}.Debug|x86.ActiveCfg = Debug|Any CPU
		{612D2C03-E833-4C33-BFCC-9D6BCB57533A}.Debug|x86.Build.0 = Debug|Any CPU
		{612D2C03-E833-4C33-BFCC-9D6BCB57533A}.Release|Any CPU.ActiveCfg = Release|Any CPU
		{612D2C03-E833-4C33-BFCC-9D6BCB57533A}.Release|Any CPU.Build.0 = Release|Any CPU
		{612D2C03-E833-4C33-BFCC-9D6BCB57533A}.Release|ARM.ActiveCfg = Release|Any CPU
		{612D2C03-E833-4C33-BFCC-9D6BCB57533A}.Release|ARM.Build.0 = Release|Any CPU
		{612D2C03-E833-4C33-BFCC-9D6BCB57533A}.Release|x64.ActiveCfg = Release|Any CPU
		{612D2C03-E833-4C33-BFCC-9D6BCB57533A}.Release|x64.Build.0 = Release|Any CPU
		{612D2C03-E833-4C33-BFCC-9D6BCB57533A}.Release|x86.ActiveCfg = Release|Any CPU
		{612D2C03-E833-4C33-BFCC-9D6BCB57533A}.Release|x86.Build.0 = Release|Any CPU
		{EA40E43D-B778-4CA7-8A92-7664445FED9C}.Debug|Any CPU.ActiveCfg = Debug|x86
		{EA40E43D-B778-4CA7-8A92-7664445FED9C}.Debug|ARM.ActiveCfg = Debug|ARM
		{EA40E43D-B778-4CA7-8A92-7664445FED9C}.Debug|ARM.Build.0 = Debug|ARM
		{EA40E43D-B778-4CA7-8A92-7664445FED9C}.Debug|ARM.Deploy.0 = Debug|ARM
		{EA40E43D-B778-4CA7-8A92-7664445FED9C}.Debug|x64.ActiveCfg = Debug|x64
		{EA40E43D-B778-4CA7-8A92-7664445FED9C}.Debug|x64.Build.0 = Debug|x64
		{EA40E43D-B778-4CA7-8A92-7664445FED9C}.Debug|x64.Deploy.0 = Debug|x64
		{EA40E43D-B778-4CA7-8A92-7664445FED9C}.Debug|x86.ActiveCfg = Debug|x86
		{EA40E43D-B778-4CA7-8A92-7664445FED9C}.Debug|x86.Build.0 = Debug|x86
		{EA40E43D-B778-4CA7-8A92-7664445FED9C}.Debug|x86.Deploy.0 = Debug|x86
		{EA40E43D-B778-4CA7-8A92-7664445FED9C}.Release|Any CPU.ActiveCfg = Release|x86
		{EA40E43D-B778-4CA7-8A92-7664445FED9C}.Release|ARM.ActiveCfg = Release|ARM
		{EA40E43D-B778-4CA7-8A92-7664445FED9C}.Release|ARM.Build.0 = Release|ARM
		{EA40E43D-B778-4CA7-8A92-7664445FED9C}.Release|ARM.Deploy.0 = Release|ARM
		{EA40E43D-B778-4CA7-8A92-7664445FED9C}.Release|x64.ActiveCfg = Release|x64
		{EA40E43D-B778-4CA7-8A92-7664445FED9C}.Release|x64.Build.0 = Release|x64
		{EA40E43D-B778-4CA7-8A92-7664445FED9C}.Release|x64.Deploy.0 = Release|x64
		{EA40E43D-B778-4CA7-8A92-7664445FED9C}.Release|x86.ActiveCfg = Release|x86
		{EA40E43D-B778-4CA7-8A92-7664445FED9C}.Release|x86.Build.0 = Release|x86
		{EA40E43D-B778-4CA7-8A92-7664445FED9C}.Release|x86.Deploy.0 = Release|x86
		{2A21A660-E842-44CF-A003-190E3F634D55}.Debug|Any CPU.ActiveCfg = Debug|x86
		{2A21A660-E842-44CF-A003-190E3F634D55}.Debug|Any CPU.Build.0 = Debug|x86
		{2A21A660-E842-44CF-A003-190E3F634D55}.Debug|Any CPU.Deploy.0 = Debug|x86
		{2A21A660-E842-44CF-A003-190E3F634D55}.Debug|ARM.ActiveCfg = Debug|ARM
		{2A21A660-E842-44CF-A003-190E3F634D55}.Debug|ARM.Build.0 = Debug|ARM
		{2A21A660-E842-44CF-A003-190E3F634D55}.Debug|ARM.Deploy.0 = Debug|ARM
		{2A21A660-E842-44CF-A003-190E3F634D55}.Debug|x64.ActiveCfg = Debug|x64
		{2A21A660-E842-44CF-A003-190E3F634D55}.Debug|x64.Build.0 = Debug|x64
		{2A21A660-E842-44CF-A003-190E3F634D55}.Debug|x64.Deploy.0 = Debug|x64
		{2A21A660-E842-44CF-A003-190E3F634D55}.Debug|x86.ActiveCfg = Debug|x86
		{2A21A660-E842-44CF-A003-190E3F634D55}.Debug|x86.Build.0 = Debug|x86
		{2A21A660-E842-44CF-A003-190E3F634D55}.Debug|x86.Deploy.0 = Debug|x86
		{2A21A660-E842-44CF-A003-190E3F634D55}.Release|Any CPU.ActiveCfg = Release|x86
		{2A21A660-E842-44CF-A003-190E3F634D55}.Release|ARM.ActiveCfg = Release|ARM
		{2A21A660-E842-44CF-A003-190E3F634D55}.Release|ARM.Build.0 = Release|ARM
		{2A21A660-E842-44CF-A003-190E3F634D55}.Release|ARM.Deploy.0 = Release|ARM
		{2A21A660-E842-44CF-A003-190E3F634D55}.Release|x64.ActiveCfg = Release|x64
		{2A21A660-E842-44CF-A003-190E3F634D55}.Release|x64.Build.0 = Release|x64
		{2A21A660-E842-44CF-A003-190E3F634D55}.Release|x64.Deploy.0 = Release|x64
		{2A21A660-E842-44CF-A003-190E3F634D55}.Release|x86.ActiveCfg = Release|x86
		{2A21A660-E842-44CF-A003-190E3F634D55}.Release|x86.Build.0 = Release|x86
		{2A21A660-E842-44CF-A003-190E3F634D55}.Release|x86.Deploy.0 = Release|x86
		{90FE13E9-040B-470E-92F7-EB66ADA31A82}.Debug|Any CPU.ActiveCfg = Debug|Any CPU
		{90FE13E9-040B-470E-92F7-EB66ADA31A82}.Debug|Any CPU.Build.0 = Debug|Any CPU
		{90FE13E9-040B-470E-92F7-EB66ADA31A82}.Debug|ARM.ActiveCfg = Debug|Any CPU
		{90FE13E9-040B-470E-92F7-EB66ADA31A82}.Debug|ARM.Build.0 = Debug|Any CPU
		{90FE13E9-040B-470E-92F7-EB66ADA31A82}.Debug|x64.ActiveCfg = Debug|Any CPU
		{90FE13E9-040B-470E-92F7-EB66ADA31A82}.Debug|x64.Build.0 = Debug|Any CPU
		{90FE13E9-040B-470E-92F7-EB66ADA31A82}.Debug|x86.ActiveCfg = Debug|Any CPU
		{90FE13E9-040B-470E-92F7-EB66ADA31A82}.Debug|x86.Build.0 = Debug|Any CPU
		{90FE13E9-040B-470E-92F7-EB66ADA31A82}.Release|Any CPU.ActiveCfg = Release|Any CPU
		{90FE13E9-040B-470E-92F7-EB66ADA31A82}.Release|Any CPU.Build.0 = Release|Any CPU
		{90FE13E9-040B-470E-92F7-EB66ADA31A82}.Release|ARM.ActiveCfg = Release|Any CPU
		{90FE13E9-040B-470E-92F7-EB66ADA31A82}.Release|ARM.Build.0 = Release|Any CPU
		{90FE13E9-040B-470E-92F7-EB66ADA31A82}.Release|x64.ActiveCfg = Release|Any CPU
		{90FE13E9-040B-470E-92F7-EB66ADA31A82}.Release|x64.Build.0 = Release|Any CPU
		{90FE13E9-040B-470E-92F7-EB66ADA31A82}.Release|x86.ActiveCfg = Release|Any CPU
		{90FE13E9-040B-470E-92F7-EB66ADA31A82}.Release|x86.Build.0 = Release|Any CPU
		{34595274-71A8-43E3-9C06-0304F81C9391}.Debug|Any CPU.ActiveCfg = Debug|Any CPU
		{34595274-71A8-43E3-9C06-0304F81C9391}.Debug|Any CPU.Build.0 = Debug|Any CPU
		{34595274-71A8-43E3-9C06-0304F81C9391}.Debug|ARM.ActiveCfg = Debug|Any CPU
		{34595274-71A8-43E3-9C06-0304F81C9391}.Debug|ARM.Build.0 = Debug|Any CPU
		{34595274-71A8-43E3-9C06-0304F81C9391}.Debug|x64.ActiveCfg = Debug|Any CPU
		{34595274-71A8-43E3-9C06-0304F81C9391}.Debug|x64.Build.0 = Debug|Any CPU
		{34595274-71A8-43E3-9C06-0304F81C9391}.Debug|x86.ActiveCfg = Debug|Any CPU
		{34595274-71A8-43E3-9C06-0304F81C9391}.Debug|x86.Build.0 = Debug|Any CPU
		{34595274-71A8-43E3-9C06-0304F81C9391}.Release|Any CPU.ActiveCfg = Release|Any CPU
		{34595274-71A8-43E3-9C06-0304F81C9391}.Release|Any CPU.Build.0 = Release|Any CPU
		{34595274-71A8-43E3-9C06-0304F81C9391}.Release|ARM.ActiveCfg = Release|Any CPU
		{34595274-71A8-43E3-9C06-0304F81C9391}.Release|ARM.Build.0 = Release|Any CPU
		{34595274-71A8-43E3-9C06-0304F81C9391}.Release|x64.ActiveCfg = Release|Any CPU
		{34595274-71A8-43E3-9C06-0304F81C9391}.Release|x64.Build.0 = Release|Any CPU
		{34595274-71A8-43E3-9C06-0304F81C9391}.Release|x86.ActiveCfg = Release|Any CPU
		{34595274-71A8-43E3-9C06-0304F81C9391}.Release|x86.Build.0 = Release|Any CPU
	EndGlobalSection
	GlobalSection(SolutionProperties) = preSolution
		HideSolutionNode = FALSE
	EndGlobalSection
	GlobalSection(ExtensibilityGlobals) = postSolution
		SolutionGuid = {78829A2E-DBB0-4C7C-B825-F3703CF860AB}
	EndGlobalSection
EndGlobal
